<?xml version="1.0" encoding="utf-8"?>
<Project ToolsVersion="4.0" xmlns="http://schemas.microsoft.com/developer/msbuild/2003">
  <ItemGroup>
    <Filter Include="소스 파일">
      <UniqueIdentifier>{4FC737F1-C7A5-4376-A066-2A32D752A2FF}</UniqueIdentifier>
      <Extensions>cpp;c;cc;cxx;def;odl;idl;hpj;bat;asm;asmx</Extensions>
    </Filter>
    <Filter Include="리소스 파일">
      <UniqueIdentifier>{67DA6AB6-F800-4c08-8B7A-83BB121AAD01}</UniqueIdentifier>
      <Extensions>rc;ico;cur;bmp;dlg;rc2;rct;bin;rgs;gif;jpg;jpeg;jpe;resx;tiff;tif;png;wav;mfcribbon-ms</Extensions>
    </Filter>
    <Filter Include="Libraries">
      <UniqueIdentifier>{93995380-89BD-4b04-88EB-625FBE52EBFB}</UniqueIdentifier>
      <Extensions>h;hpp;hxx;hm;inl;inc;xsd</Extensions>
    </Filter>
    <Filter Include="Libraries\Data_Structure">
      <UniqueIdentifier>{65a7cfda-8a07-49c6-a897-3d2fda646b6f}</UniqueIdentifier>
    </Filter>
    <Filter Include="Libraries\Data_Structure\2D_Structure">
      <UniqueIdentifier>{904c6c50-96a4-4f7a-be25-0992c498799f}</UniqueIdentifier>
    </Filter>
    <Filter Include="Libraries\Data_Structure\3D_Structure">
      <UniqueIdentifier>{4464d929-41e5-4f28-9fb6-70de37c832b5}</UniqueIdentifier>
    </Filter>
    <Filter Include="Libraries\FrameWork">
      <UniqueIdentifier>{a2866a15-f757-45a1-af5d-a32c0036eded}</UniqueIdentifier>
    </Filter>
    <Filter Include="Libraries\Multithreading">
      <UniqueIdentifier>{5a70af0c-323b-4bd1-a468-e15fb8091f8f}</UniqueIdentifier>
    </Filter>
    <Filter Include="Libraries\Geometric_Object">
      <UniqueIdentifier>{3d53b4ad-68ba-4828-996d-47d8b826f4bb}</UniqueIdentifier>
    </Filter>
    <Filter Include="Libraries\Tools">
      <UniqueIdentifier>{043a4235-73ee-4d27-9cb1-e0d007e7ac62}</UniqueIdentifier>
    </Filter>
    <Filter Include="Libraries\Math">
      <UniqueIdentifier>{e7709f8c-e410-4bf8-a7ef-5c12e44a4301}</UniqueIdentifier>
    </Filter>
    <Filter Include="Libraries\Dynamics">
      <UniqueIdentifier>{b549321b-19f4-43a5-b597-4829fd93d1bc}</UniqueIdentifier>
    </Filter>
    <Filter Include="Libraries\Dynamics\Fluid_Dynamics">
      <UniqueIdentifier>{9c2422b4-bb3d-48bb-a165-5957dbd4958d}</UniqueIdentifier>
    </Filter>
    <Filter Include="Libraries\Dynamics\Fluid_Dynamics\Poisson_Solver">
      <UniqueIdentifier>{6728a8f5-7328-4c50-b97d-d3112166a6dd}</UniqueIdentifier>
    </Filter>
    <Filter Include="Libraries\Dynamics\Fluid_Dynamics\Poisson_Solver\Linear_Solver">
      <UniqueIdentifier>{c3181c69-a799-43cc-9c82-339398ecd8f7}</UniqueIdentifier>
    </Filter>
    <Filter Include="Libraries\OpenGL">
      <UniqueIdentifier>{9506777d-76ca-4895-9c34-186f7965e131}</UniqueIdentifier>
    </Filter>
    <Filter Include="Libraries\Geometric_Object\Solid_Solver">
      <UniqueIdentifier>{70217b7b-2f1f-4435-b933-e597bf6a9dbb}</UniqueIdentifier>
    </Filter>
    <Filter Include="Libraries\MPM_Solver">
      <UniqueIdentifier>{518e3055-73d0-4b63-a94a-fb1f7686cfe8}</UniqueIdentifier>
    </Filter>
    <Filter Include="Libraries\Write">
      <UniqueIdentifier>{33b857a3-d011-4259-b696-ea87e8f793df}</UniqueIdentifier>
    </Filter>
  </ItemGroup>
  <ItemGroup>
    <ClInclude Include="VECTOR_2D.h">
      <Filter>Libraries\Data_Structure\2D_Structure</Filter>
    </ClInclude>
    <ClInclude Include="VECTOR_3D.h">
      <Filter>Libraries\Data_Structure\3D_Structure</Filter>
    </ClInclude>
    <ClInclude Include="ARRAY_2D.h">
      <Filter>Libraries\Data_Structure\2D_Structure</Filter>
    </ClInclude>
    <ClInclude Include="ARRAY_3D.h">
      <Filter>Libraries\Data_Structure\3D_Structure</Filter>
    </ClInclude>
    <ClInclude Include="FIELD_STRUCTURE_2D.h">
      <Filter>Libraries\Data_Structure\2D_Structure</Filter>
    </ClInclude>
    <ClInclude Include="GRID_STRUCTURE_2D.h">
      <Filter>Libraries\Data_Structure\2D_Structure</Filter>
    </ClInclude>
    <ClInclude Include="FIELD_STRUCTURE_3D.h">
      <Filter>Libraries\Data_Structure\3D_Structure</Filter>
    </ClInclude>
    <ClInclude Include="GRID_STRUCTURE_3D.h">
      <Filter>Libraries\Data_Structure\3D_Structure</Filter>
    </ClInclude>
    <ClInclude Include="MULTITHREADING.h">
      <Filter>Libraries\Multithreading</Filter>
    </ClInclude>
    <ClInclude Include="ARRAY.h">
      <Filter>Libraries\Data_Structure</Filter>
    </ClInclude>
    <ClInclude Include="ARRAY_VECTOR3.h">
      <Filter>Libraries\Data_Structure</Filter>
    </ClInclude>
    <ClInclude Include="MATRIX_3X3.h">
      <Filter>Libraries\Data_Structure</Filter>
    </ClInclude>
    <ClInclude Include="COMMON_DEFINITIONS.h">
      <Filter>Libraries\FrameWork</Filter>
    </ClInclude>
    <ClInclude Include="MACROS.h">
      <Filter>Libraries\FrameWork</Filter>
    </ClInclude>
    <ClInclude Include="CG_METHOD.h">
      <Filter>Libraries\Dynamics\Fluid_Dynamics\Poisson_Solver\Linear_Solver</Filter>
    </ClInclude>
    <ClInclude Include="LINEAR_SOLVER.h">
      <Filter>Libraries\Dynamics\Fluid_Dynamics\Poisson_Solver\Linear_Solver</Filter>
    </ClInclude>
    <ClInclude Include="PCG_METHOD.h">
      <Filter>Libraries\Dynamics\Fluid_Dynamics\Poisson_Solver\Linear_Solver</Filter>
    </ClInclude>
    <ClInclude Include="CSR_MATRIX.h">
      <Filter>Libraries\Data_Structure</Filter>
    </ClInclude>
    <ClInclude Include="DYNAMIC_ARRAY.h">
      <Filter>Libraries\Data_Structure</Filter>
    </ClInclude>
    <ClInclude Include="LEVELSET_OBJECT.h">
      <Filter>Libraries\Data_Structure</Filter>
    </ClInclude>
    <ClInclude Include="MATRIX_MXN.h">
      <Filter>Libraries\Data_Structure</Filter>
    </ClInclude>
    <ClInclude Include="MATRIX_NXN.h">
      <Filter>Libraries\Data_Structure</Filter>
    </ClInclude>
    <ClInclude Include="VECTOR_ND.h">
      <Filter>Libraries\Data_Structure</Filter>
    </ClInclude>
    <ClInclude Include="GAUSS_SEIDEL_METHOD.h">
      <Filter>Libraries\Dynamics\Fluid_Dynamics\Poisson_Solver\Linear_Solver</Filter>
    </ClInclude>
    <ClInclude Include="GS_COEFFICIENTS.h">
      <Filter>Libraries\Data_Structure</Filter>
    </ClInclude>
    <ClInclude Include="MULTI_PROJECTION_BASE.h">
      <Filter>Libraries\Dynamics\Fluid_Dynamics\Poisson_Solver</Filter>
    </ClInclude>
    <ClInclude Include="EULERIAN_FLUID_SOLVER_3D.h">
      <Filter>Libraries\Dynamics\Fluid_Dynamics</Filter>
    </ClInclude>
    <ClInclude Include="FLUID_CONTROL_OPTIONS.h">
      <Filter>Libraries\Dynamics\Fluid_Dynamics</Filter>
    </ClInclude>
    <ClInclude Include="SIMULATION_OBJECT.h">
      <Filter>Libraries\FrameWork</Filter>
    </ClInclude>
    <ClInclude Include="SIMULATION_WORLD.h">
      <Filter>Libraries\FrameWork</Filter>
    </ClInclude>
    <ClInclude Include="WORLD_DISCRETIZATION_3D.h">
      <Filter>Libraries\FrameWork</Filter>
    </ClInclude>
    <ClInclude Include="BOX.h">
      <Filter>Libraries\Geometric_Object</Filter>
    </ClInclude>
    <ClInclude Include="PLANE.h">
      <Filter>Libraries\Geometric_Object</Filter>
    </ClInclude>
    <ClInclude Include="SPHERE.h">
      <Filter>Libraries\Geometric_Object</Filter>
    </ClInclude>
    <ClInclude Include="RIGID_OBJECT.h">
      <Filter>Libraries\Geometric_Object\Solid_Solver</Filter>
    </ClInclude>
    <ClInclude Include="LEVELSET_3D.h">
      <Filter>Libraries\Math</Filter>
    </ClInclude>
    <ClInclude Include="QUATERNION.h">
      <Filter>Libraries\Math</Filter>
    </ClInclude>
    <ClInclude Include="MATERIAL_POINT_3D.h">
      <Filter>Libraries\MPM_Solver</Filter>
    </ClInclude>
    <ClInclude Include="OPENGL_CG_VOLUME.h">
      <Filter>Libraries\OpenGL</Filter>
    </ClInclude>
    <ClInclude Include="OPENGL_COMMON.h">
      <Filter>Libraries\OpenGL</Filter>
    </ClInclude>
    <ClInclude Include="OPENGL_DRIVER.h">
      <Filter>Libraries\OpenGL</Filter>
    </ClInclude>
    <ClInclude Include="OPENGL_EULERIAN_FLUID_SOLVER.h">
      <Filter>Libraries\OpenGL</Filter>
    </ClInclude>
    <ClInclude Include="OPENGL_LEVELSET.h">
      <Filter>Libraries\OpenGL</Filter>
    </ClInclude>
    <ClInclude Include="OPENGL_LIGHT_MANAGER.h">
      <Filter>Libraries\OpenGL</Filter>
    </ClInclude>
    <ClInclude Include="OPENGL_OBJECT_BASE.h">
      <Filter>Libraries\OpenGL</Filter>
    </ClInclude>
    <ClInclude Include="OPENGL_SCALARFIELD.h">
      <Filter>Libraries\OpenGL</Filter>
    </ClInclude>
    <ClInclude Include="OPENGL_SOLVER_BASE.h">
      <Filter>Libraries\OpenGL</Filter>
    </ClInclude>
    <ClInclude Include="OPENGL_VECTORFIELD.h">
      <Filter>Libraries\OpenGL</Filter>
    </ClInclude>
    <ClInclude Include="OPENGL_WORLD.h">
      <Filter>Libraries\OpenGL</Filter>
    </ClInclude>
    <ClInclude Include="MARCHING_CUBES_ALGORITHM.h">
      <Filter>Libraries\Tools</Filter>
    </ClInclude>
    <ClInclude Include="MARCHING_CUBES_ALGORITHM_TABLE.h">
      <Filter>Libraries\Tools</Filter>
    </ClInclude>
    <ClInclude Include="MOVING_LEAST_SQUARES.h">
      <Filter>Libraries\Tools</Filter>
    </ClInclude>
    <ClInclude Include="SCAN_LINE_ALGORITHM.h">
      <Filter>Libraries\Tools</Filter>
    </ClInclude>
    <ClInclude Include="TRIANGULAR_SURFACE.h">
      <Filter>Libraries\Tools</Filter>
    </ClInclude>
    <ClInclude Include="WRITE_LEVELSET.h">
      <Filter>Libraries\Write</Filter>
    </ClInclude>
    <ClInclude Include="WRITE_OBJECT_BASE.h">
      <Filter>Libraries\Write</Filter>
    </ClInclude>
    <ClInclude Include="WRITE_WORLD.h">
      <Filter>Libraries\Write</Filter>
    </ClInclude>
    <ClInclude Include="OPENGL_GLUT_CAMERA.h">
      <Filter>Libraries</Filter>
    </ClInclude>
    <ClInclude Include="PROJECT_INFO.h">
      <Filter>Libraries</Filter>
    </ClInclude>
    <ClInclude Include="SCRIPT_READER.h">
      <Filter>Libraries</Filter>
    </ClInclude>
    <ClInclude Include="SIMULATION_MANAGER.h">
      <Filter>Libraries</Filter>
    </ClInclude>
    <ClInclude Include="stdafx.h">
      <Filter>소스 파일</Filter>
    </ClInclude>
    <ClInclude Include="targetver.h">
      <Filter>소스 파일</Filter>
    </ClInclude>
    <ClInclude Include="STATIC_OBJECT.h">
      <Filter>Libraries\Geometric_Object\Solid_Solver</Filter>
    </ClInclude>
    <ClInclude Include="CYLINDER.h">
      <Filter>Libraries\Geometric_Object</Filter>
    </ClInclude>
    <ClInclude Include="FILE_UTILITIES.h">
      <Filter>Libraries</Filter>
    </ClInclude>
    <ClInclude Include="LOG.h">
      <Filter>Libraries</Filter>
    </ClInclude>
    <ClInclude Include="OPENGL_2D_TEXT.h">
      <Filter>Libraries\OpenGL</Filter>
    </ClInclude>
    <ClInclude Include="MAC_GRID_STRUCTURE_3D.h">
      <Filter>Libraries\Data_Structure\3D_Structure</Filter>
    </ClInclude>
    <ClInclude Include="CAPTURE_MANAGER.h">
      <Filter>Libraries</Filter>
    </ClInclude>
    <ClInclude Include="read_write_png.h">
      <Filter>소스 파일</Filter>
    </ClInclude>
    <ClInclude Include="ADVECTION_3D.h">
      <Filter>Libraries\Dynamics\Fluid_Dynamics</Filter>
    </ClInclude>
    <ClInclude Include="ADVECTION_METHOD_3D.h">
      <Filter>Libraries\Dynamics\Fluid_Dynamics</Filter>
    </ClInclude>
    <ClInclude Include="VISCOSITY_3D.h">
      <Filter>Libraries\Dynamics\Fluid_Dynamics</Filter>
    </ClInclude>
    <ClInclude Include="PROJECTION_3D.h">
      <Filter>Libraries\Dynamics\Fluid_Dynamics</Filter>
    </ClInclude>
    <ClInclude Include="POISSON_SOLVER_3D.h">
      <Filter>Libraries\Dynamics\Fluid_Dynamics\Poisson_Solver</Filter>
    </ClInclude>
  </ItemGroup>
  <ItemGroup>
    <ClCompile Include="VECTOR_2D.cpp">
      <Filter>Libraries\Data_Structure\2D_Structure</Filter>
    </ClCompile>
    <ClCompile Include="VECTOR_3D.cpp">
      <Filter>Libraries\Data_Structure\3D_Structure</Filter>
    </ClCompile>
    <ClCompile Include="ARRAY_2D.cpp">
      <Filter>Libraries\Data_Structure\2D_Structure</Filter>
    </ClCompile>
    <ClCompile Include="ARRAY_3D.cpp">
      <Filter>Libraries\Data_Structure\3D_Structure</Filter>
    </ClCompile>
    <ClCompile Include="main.cpp">
      <Filter>소스 파일</Filter>
    </ClCompile>
    <ClCompile Include="FIELD_STRUCTURE_2D.cpp">
      <Filter>Libraries\Data_Structure\2D_Structure</Filter>
    </ClCompile>
    <ClCompile Include="GRID_STRUCTURE_2D.cpp">
      <Filter>Libraries\Data_Structure\2D_Structure</Filter>
    </ClCompile>
    <ClCompile Include="FIELD_STRUCTURE_3D.cpp">
      <Filter>Libraries\Data_Structure\3D_Structure</Filter>
    </ClCompile>
    <ClCompile Include="GRID_STRUCTURE_3D.cpp">
      <Filter>Libraries\Data_Structure\3D_Structure</Filter>
    </ClCompile>
    <ClCompile Include="MULTITHREADING.cpp">
      <Filter>Libraries\Multithreading</Filter>
    </ClCompile>
    <ClCompile Include="ARRAY_VECTOR3.cpp">
      <Filter>Libraries\Data_Structure</Filter>
    </ClCompile>
    <ClCompile Include="MATRIX_3X3.cpp">
      <Filter>Libraries\Data_Structure</Filter>
    </ClCompile>
    <ClCompile Include="CG_METHOD.cpp">
      <Filter>Libraries\Dynamics\Fluid_Dynamics\Poisson_Solver\Linear_Solver</Filter>
    </ClCompile>
    <ClCompile Include="PCG_METHOD.cpp">
      <Filter>Libraries\Dynamics\Fluid_Dynamics\Poisson_Solver\Linear_Solver</Filter>
    </ClCompile>
    <ClCompile Include="GAUSS_SEIDEL_METHOD.cpp">
      <Filter>Libraries\Dynamics\Fluid_Dynamics\Poisson_Solver\Linear_Solver</Filter>
    </ClCompile>
    <ClCompile Include="MULTI_PROJECTION_BASE.cpp">
      <Filter>Libraries\Dynamics\Fluid_Dynamics\Poisson_Solver</Filter>
    </ClCompile>
    <ClCompile Include="EULERIAN_FLUID_SOLVER_3D.cpp">
      <Filter>Libraries\Dynamics\Fluid_Dynamics</Filter>
    </ClCompile>
    <ClCompile Include="SIMULATION_OBJECT.cpp">
      <Filter>Libraries\FrameWork</Filter>
    </ClCompile>
    <ClCompile Include="SIMULATION_WORLD.cpp">
      <Filter>Libraries\FrameWork</Filter>
    </ClCompile>
    <ClCompile Include="WORLD_DISCRETIZATION_3D.cpp">
      <Filter>Libraries\FrameWork</Filter>
    </ClCompile>
    <ClCompile Include="RIGID_OBJECT.cpp">
      <Filter>Libraries\Geometric_Object\Solid_Solver</Filter>
    </ClCompile>
    <ClCompile Include="LEVELSET_3D.cpp">
      <Filter>Libraries\Math</Filter>
    </ClCompile>
    <ClCompile Include="QUATERNION.cpp">
      <Filter>Libraries\Math</Filter>
    </ClCompile>
    <ClCompile Include="OPENGL_CG_VOLUME.cpp">
      <Filter>Libraries\OpenGL</Filter>
    </ClCompile>
    <ClCompile Include="OPENGL_COMMON.cpp">
      <Filter>Libraries\OpenGL</Filter>
    </ClCompile>
    <ClCompile Include="OPENGL_DRIVER.cpp">
      <Filter>Libraries\OpenGL</Filter>
    </ClCompile>
    <ClCompile Include="OPENGL_EULERIAN_FLUID_SOLVER.cpp">
      <Filter>Libraries\OpenGL</Filter>
    </ClCompile>
    <ClCompile Include="OPENGL_LEVELSET.cpp">
      <Filter>Libraries\OpenGL</Filter>
    </ClCompile>
    <ClCompile Include="OPENGL_LIGHT_MANAGER.cpp">
      <Filter>Libraries\OpenGL</Filter>
    </ClCompile>
    <ClCompile Include="OPENGL_OBJECT_BASE.cpp">
      <Filter>Libraries\OpenGL</Filter>
    </ClCompile>
    <ClCompile Include="OPENGL_SCALARFIELD.cpp">
      <Filter>Libraries\OpenGL</Filter>
    </ClCompile>
    <ClCompile Include="OPENGL_SOLVER_BASE.cpp">
      <Filter>Libraries\OpenGL</Filter>
    </ClCompile>
    <ClCompile Include="OPENGL_VECTORFIELD.cpp">
      <Filter>Libraries\OpenGL</Filter>
    </ClCompile>
    <ClCompile Include="OPENGL_WORLD.cpp">
      <Filter>Libraries\OpenGL</Filter>
    </ClCompile>
    <ClCompile Include="MARCHING_CUBES_ALGORITHM.cpp">
      <Filter>Libraries\Tools</Filter>
    </ClCompile>
    <ClCompile Include="MOVING_LEAST_SQUARES.cpp">
      <Filter>Libraries\Tools</Filter>
    </ClCompile>
    <ClCompile Include="TRIANGULAR_SURFACE.cpp">
      <Filter>Libraries\Tools</Filter>
    </ClCompile>
    <ClCompile Include="WRITE_LEVELSET.cpp">
      <Filter>Libraries\Write</Filter>
    </ClCompile>
    <ClCompile Include="WRITE_OBJECT_BASE.cpp">
      <Filter>Libraries\Write</Filter>
    </ClCompile>
    <ClCompile Include="WRITE_WORLD.cpp">
      <Filter>Libraries\Write</Filter>
    </ClCompile>
    <ClCompile Include="OPENGL_GLUT_CAMERA.cpp">
      <Filter>Libraries</Filter>
    </ClCompile>
    <ClCompile Include="PROJECT_INFO.cpp">
      <Filter>Libraries</Filter>
    </ClCompile>
    <ClCompile Include="SCRIPT_READER.cpp">
      <Filter>Libraries</Filter>
    </ClCompile>
    <ClCompile Include="SIMULATION_MANAGER.cpp">
      <Filter>Libraries</Filter>
    </ClCompile>
    <ClCompile Include="VECTOR_ND.cpp">
      <Filter>Libraries\Data_Structure</Filter>
    </ClCompile>
    <ClCompile Include="LINEAR_SOLVER.cpp">
      <Filter>Libraries\Dynamics\Fluid_Dynamics\Poisson_Solver\Linear_Solver</Filter>
    </ClCompile>
    <ClCompile Include="FILE_UTILITIES.cpp">
      <Filter>Libraries</Filter>
    </ClCompile>
    <ClCompile Include="LOG.cpp">
      <Filter>Libraries</Filter>
    </ClCompile>
    <ClCompile Include="CSR_MATRIX.cpp">
      <Filter>Libraries\Data_Structure</Filter>
    </ClCompile>
    <ClCompile Include="DYNAMIC_ARRAY.cpp">
      <Filter>Libraries\Data_Structure</Filter>
    </ClCompile>
    <ClCompile Include="OPENGL_2D_TEXT.cpp">
      <Filter>Libraries\OpenGL</Filter>
    </ClCompile>
    <ClCompile Include="CAPTURE_MANAGER.cpp">
      <Filter>Libraries</Filter>
    </ClCompile>
    <ClCompile Include="ADVECTION_3D.cpp">
      <Filter>Libraries\Dynamics\Fluid_Dynamics</Filter>
    </ClCompile>
    <ClCompile Include="ADVECTION_METHOD_3D.cpp">
      <Filter>Libraries\Dynamics\Fluid_Dynamics</Filter>
    </ClCompile>
    <ClCompile Include="VISCOSITY_3D.cpp">
      <Filter>Libraries\Dynamics\Fluid_Dynamics</Filter>
    </ClCompile>
    <ClCompile Include="PROJECTION_3D.cpp">
      <Filter>Libraries\Dynamics\Fluid_Dynamics</Filter>
    </ClCompile>
    <ClCompile Include="POISSON_SOLVER_3D.cpp">
      <Filter>Libraries\Dynamics\Fluid_Dynamics\Poisson_Solver</Filter>
    </ClCompile>
  </ItemGroup>
</Project>